
Microsoft Visual Studio Solution File, Format Version 12.00
# Visual Studio Version 17
VisualStudioVersion = 17.9.34728.123
MinimumVisualStudioVersion = 10.0.40219.1
Project("{FAE04EC0-301F-11D3-BF4B-00C04F79EFBC}") = "vcap", "vcap\vcap.csproj", "{7C8D58F1-0A5F-4492-854F-66414F96F995}"
EndProject
Global
	GlobalSection(SolutionConfigurationPlatforms) = preSolution
		Debug|Any CPU = Debug|Any CPU
		Release|Any CPU = Release|Any CPU
	EndGlobalSection
	GlobalSection(ProjectConfigurationPlatforms) = postSolution
		{7C8D58F1-0A5F-4492-854F-66414F96F995}.Debug|Any CPU.ActiveCfg = Debug|Any CPU
		{7C8D58F1-0A5F-4492-854F-66414F96F995}.Debug|Any CPU.Build.0 = Debug|Any CPU
		{7C8D58F1-0A5F-4492-854F-66414F96F995}.Release|Any CPU.ActiveCfg = Release|Any CPU
		{7C8D58F1-0A5F-4492-854F-66414F96F995}.Release|Any CPU.Build.0 = Release|Any CPU
	EndGlobalSection
	GlobalSection(SolutionProperties) = preSolution
		HideSolutionNode = FALSE
	EndGlobalSection
	GlobalSection(ExtensibilityGlobals) = postSolution
		SolutionGuid = {B87B4FEF-6554-4CAF-84E2-DED924AE06DC}
	EndGlobalSection
EndGlobal
